PODS:
  - SwiftFormat/CLI (0.47.2)
  - TableViewContent (6.0.0)

DEPENDENCIES:
  - SwiftFormat/CLI
  - TableViewContent (from `../`)

SPEC REPOS:
  https://github.com/CocoaPods/Specs.git:
    - SwiftFormat

EXTERNAL SOURCES:
  TableViewContent:
    :path: "../"

SPEC CHECKSUMS:
  SwiftFormat: 0315a7115b15fd4ea2d043d5f5c22e3c98f84078
  TableViewContent: 275355f241addca2d1e7f2d4574e8fef7d41fcc8

PODFILE CHECKSUM: a23f3ed9cefad279ca8312e9ad89835b27dd8e13

COCOAPODS: 1.7.2
